
Microsoft Visual Studio Solution File, Format Version 12.00
# Visual Studio 2012
Project("{FAE04EC0-301F-11D3-BF4B-00C04F79EFBC}") = "DataGrid.XF", "DataGrid.XF\DataGrid.XF.csproj", "{136A26E9-4EB9-4399-9379-E06AD94B537B}"
EndProject
Project("{FAE04EC0-301F-11D3-BF4B-00C04F79EFBC}") = "demo.XF.iOS", "demo.XF.iOS\demo.XF.iOS.csproj", "{18F9C79D-0FB4-4A60-86FC-71699D4C5BC5}"
EndProject
Project("{FAE04EC0-301F-11D3-BF4B-00C04F79EFBC}") = "demo.iOS", "demo.iOS\demo.iOS.csproj", "{5AC8038B-610C-47C1-9C6B-E104D42E1585}"
EndProject
Project("{FAE04EC0-301F-11D3-BF4B-00C04F79EFBC}") = "demo.XF.Android", "demo.XF.Android\demo.XF.Android.csproj", "{A5399A7D-2E8F-4976-96B4-AC58472D92D4}"
EndProject
Project("{FAE04EC0-301F-11D3-BF4B-00C04F79EFBC}") = "demo.XF", "demo.XF\demo.XF.csproj", "{EC178D31-250A-4528-9D64-43567BFCD3D6}"
EndProject
Project("{FAE04EC0-301F-11D3-BF4B-00C04F79EFBC}") = "DataGrid.XF.iOS", "DataGrid.XF.iOS\DataGrid.XF.iOS.csproj", "{54100CBB-5172-49F8-A2DB-6DA2AFDDB73F}"
EndProject
Project("{FAE04EC0-301F-11D3-BF4B-00C04F79EFBC}") = "DataGrid.XF.Android", "DataGrid.XF.Android\DataGrid.XF.Android.csproj", "{B7896132-F0D8-4D8C-8540-69521C3A8D77}"
EndProject
Project("{FAE04EC0-301F-11D3-BF4B-00C04F79EFBC}") = "DataGrid.Core", "DataGrid.Core\DataGrid.Core.csproj", "{5736C03A-5385-4596-A33F-6437DF5F2428}"
EndProject
Project("{FAE04EC0-301F-11D3-BF4B-00C04F79EFBC}") = "DataGrid.iOS", "DataGrid.iOS\DataGrid.iOS.csproj", "{11E48DDA-D785-428A-BEED-21CA6E9107A9}"
EndProject
Project("{FAE04EC0-301F-11D3-BF4B-00C04F79EFBC}") = "DataGrid.Android", "DataGrid.Android\DataGrid.Android.csproj", "{4D21C4CC-5990-454C-8391-EB9FB8AD4545}"
EndProject
Project("{FAE04EC0-301F-11D3-BF4B-00C04F79EFBC}") = "DataGrid.SQLite", "DataGrid.SQLite\DataGrid.SQLite.csproj", "{9DA04D62-1A9D-4E99-9B48-5DAFEE1B4B22}"
EndProject
Project("{FAE04EC0-301F-11D3-BF4B-00C04F79EFBC}") = "DataGrid.RxUI", "DataGrid.RxUI\DataGrid.RxUI.csproj", "{F4F1B001-3322-47D7-BC34-0A38EE8A4C4A}"
EndProject
Global
	GlobalSection(SolutionConfigurationPlatforms) = preSolution
		Debug|Any CPU = Debug|Any CPU
		Release|Any CPU = Release|Any CPU
		Debug|iPhoneSimulator = Debug|iPhoneSimulator
		Release|iPhoneSimulator = Release|iPhoneSimulator
		Debug|iPhone = Debug|iPhone
		Release|iPhone = Release|iPhone
		Ad-Hoc|iPhone = Ad-Hoc|iPhone
		AppStore|iPhone = AppStore|iPhone
	EndGlobalSection
	GlobalSection(ProjectConfigurationPlatforms) = postSolution
		{11E48DDA-D785-428A-BEED-21CA6E9107A9}.Ad-Hoc|iPhone.ActiveCfg = Release|Any CPU
		{11E48DDA-D785-428A-BEED-21CA6E9107A9}.Ad-Hoc|iPhone.Build.0 = Release|Any CPU
		{11E48DDA-D785-428A-BEED-21CA6E9107A9}.AppStore|iPhone.ActiveCfg = Release|Any CPU
		{11E48DDA-D785-428A-BEED-21CA6E9107A9}.AppStore|iPhone.Build.0 = Release|Any CPU
		{11E48DDA-D785-428A-BEED-21CA6E9107A9}.Debug|Any CPU.ActiveCfg = Debug|Any CPU
		{11E48DDA-D785-428A-BEED-21CA6E9107A9}.Debug|Any CPU.Build.0 = Debug|Any CPU
		{11E48DDA-D785-428A-BEED-21CA6E9107A9}.Debug|iPhone.ActiveCfg = Debug|Any CPU
		{11E48DDA-D785-428A-BEED-21CA6E9107A9}.Debug|iPhone.Build.0 = Debug|Any CPU
		{11E48DDA-D785-428A-BEED-21CA6E9107A9}.Debug|iPhoneSimulator.ActiveCfg = Debug|Any CPU
		{11E48DDA-D785-428A-BEED-21CA6E9107A9}.Debug|iPhoneSimulator.Build.0 = Debug|Any CPU
		{11E48DDA-D785-428A-BEED-21CA6E9107A9}.Release|Any CPU.ActiveCfg = Release|Any CPU
		{11E48DDA-D785-428A-BEED-21CA6E9107A9}.Release|Any CPU.Build.0 = Release|Any CPU
		{11E48DDA-D785-428A-BEED-21CA6E9107A9}.Release|iPhone.ActiveCfg = Release|Any CPU
		{11E48DDA-D785-428A-BEED-21CA6E9107A9}.Release|iPhone.Build.0 = Release|Any CPU
		{11E48DDA-D785-428A-BEED-21CA6E9107A9}.Release|iPhoneSimulator.ActiveCfg = Release|Any CPU
		{11E48DDA-D785-428A-BEED-21CA6E9107A9}.Release|iPhoneSimulator.Build.0 = Release|Any CPU
		{136A26E9-4EB9-4399-9379-E06AD94B537B}.Ad-Hoc|iPhone.ActiveCfg = Debug|Any CPU
		{136A26E9-4EB9-4399-9379-E06AD94B537B}.Ad-Hoc|iPhone.Build.0 = Debug|Any CPU
		{136A26E9-4EB9-4399-9379-E06AD94B537B}.AppStore|iPhone.ActiveCfg = Debug|Any CPU
		{136A26E9-4EB9-4399-9379-E06AD94B537B}.AppStore|iPhone.Build.0 = Debug|Any CPU
		{136A26E9-4EB9-4399-9379-E06AD94B537B}.Debug|Any CPU.ActiveCfg = Debug|Any CPU
		{136A26E9-4EB9-4399-9379-E06AD94B537B}.Debug|Any CPU.Build.0 = Debug|Any CPU
		{136A26E9-4EB9-4399-9379-E06AD94B537B}.Debug|iPhone.ActiveCfg = Debug|Any CPU
		{136A26E9-4EB9-4399-9379-E06AD94B537B}.Debug|iPhone.Build.0 = Debug|Any CPU
		{136A26E9-4EB9-4399-9379-E06AD94B537B}.Debug|iPhoneSimulator.ActiveCfg = Debug|Any CPU
		{136A26E9-4EB9-4399-9379-E06AD94B537B}.Debug|iPhoneSimulator.Build.0 = Debug|Any CPU
		{136A26E9-4EB9-4399-9379-E06AD94B537B}.Release|Any CPU.ActiveCfg = Release|Any CPU
		{136A26E9-4EB9-4399-9379-E06AD94B537B}.Release|Any CPU.Build.0 = Release|Any CPU
		{136A26E9-4EB9-4399-9379-E06AD94B537B}.Release|iPhone.ActiveCfg = Release|Any CPU
		{136A26E9-4EB9-4399-9379-E06AD94B537B}.Release|iPhone.Build.0 = Release|Any CPU
		{136A26E9-4EB9-4399-9379-E06AD94B537B}.Release|iPhoneSimulator.ActiveCfg = Release|Any CPU
		{136A26E9-4EB9-4399-9379-E06AD94B537B}.Release|iPhoneSimulator.Build.0 = Release|Any CPU
		{18F9C79D-0FB4-4A60-86FC-71699D4C5BC5}.Ad-Hoc|iPhone.ActiveCfg = Ad-Hoc|iPhone
		{18F9C79D-0FB4-4A60-86FC-71699D4C5BC5}.Ad-Hoc|iPhone.Build.0 = Ad-Hoc|iPhone
		{18F9C79D-0FB4-4A60-86FC-71699D4C5BC5}.AppStore|iPhone.ActiveCfg = AppStore|iPhone
		{18F9C79D-0FB4-4A60-86FC-71699D4C5BC5}.AppStore|iPhone.Build.0 = AppStore|iPhone
		{18F9C79D-0FB4-4A60-86FC-71699D4C5BC5}.Debug|Any CPU.ActiveCfg = Debug|iPhoneSimulator
		{18F9C79D-0FB4-4A60-86FC-71699D4C5BC5}.Debug|Any CPU.Build.0 = Debug|iPhoneSimulator
		{18F9C79D-0FB4-4A60-86FC-71699D4C5BC5}.Debug|iPhone.ActiveCfg = Debug|iPhone
		{18F9C79D-0FB4-4A60-86FC-71699D4C5BC5}.Debug|iPhone.Build.0 = Debug|iPhone
		{18F9C79D-0FB4-4A60-86FC-71699D4C5BC5}.Debug|iPhoneSimulator.ActiveCfg = Debug|iPhoneSimulator
		{18F9C79D-0FB4-4A60-86FC-71699D4C5BC5}.Debug|iPhoneSimulator.Build.0 = Debug|iPhoneSimulator
		{18F9C79D-0FB4-4A60-86FC-71699D4C5BC5}.Release|Any CPU.ActiveCfg = Release|iPhoneSimulator
		{18F9C79D-0FB4-4A60-86FC-71699D4C5BC5}.Release|Any CPU.Build.0 = Release|iPhoneSimulator
		{18F9C79D-0FB4-4A60-86FC-71699D4C5BC5}.Release|iPhone.ActiveCfg = Release|iPhone
		{18F9C79D-0FB4-4A60-86FC-71699D4C5BC5}.Release|iPhone.Build.0 = Release|iPhone
		{18F9C79D-0FB4-4A60-86FC-71699D4C5BC5}.Release|iPhoneSimulator.ActiveCfg = Release|iPhoneSimulator
		{18F9C79D-0FB4-4A60-86FC-71699D4C5BC5}.Release|iPhoneSimulator.Build.0 = Release|iPhoneSimulator
		{4D21C4CC-5990-454C-8391-EB9FB8AD4545}.Ad-Hoc|iPhone.ActiveCfg = Release|Any CPU
		{4D21C4CC-5990-454C-8391-EB9FB8AD4545}.Ad-Hoc|iPhone.Build.0 = Release|Any CPU
		{4D21C4CC-5990-454C-8391-EB9FB8AD4545}.AppStore|iPhone.ActiveCfg = Release|Any CPU
		{4D21C4CC-5990-454C-8391-EB9FB8AD4545}.AppStore|iPhone.Build.0 = Release|Any CPU
		{4D21C4CC-5990-454C-8391-EB9FB8AD4545}.Debug|Any CPU.ActiveCfg = Debug|Any CPU
		{4D21C4CC-5990-454C-8391-EB9FB8AD4545}.Debug|Any CPU.Build.0 = Debug|Any CPU
		{4D21C4CC-5990-454C-8391-EB9FB8AD4545}.Debug|iPhone.ActiveCfg = Debug|Any CPU
		{4D21C4CC-5990-454C-8391-EB9FB8AD4545}.Debug|iPhone.Build.0 = Debug|Any CPU
		{4D21C4CC-5990-454C-8391-EB9FB8AD4545}.Debug|iPhoneSimulator.ActiveCfg = Debug|Any CPU
		{4D21C4CC-5990-454C-8391-EB9FB8AD4545}.Debug|iPhoneSimulator.Build.0 = Debug|Any CPU
		{4D21C4CC-5990-454C-8391-EB9FB8AD4545}.Release|Any CPU.ActiveCfg = Release|Any CPU
		{4D21C4CC-5990-454C-8391-EB9FB8AD4545}.Release|Any CPU.Build.0 = Release|Any CPU
		{4D21C4CC-5990-454C-8391-EB9FB8AD4545}.Release|iPhone.ActiveCfg = Release|Any CPU
		{4D21C4CC-5990-454C-8391-EB9FB8AD4545}.Release|iPhone.Build.0 = Release|Any CPU
		{4D21C4CC-5990-454C-8391-EB9FB8AD4545}.Release|iPhoneSimulator.ActiveCfg = Release|Any CPU
		{4D21C4CC-5990-454C-8391-EB9FB8AD4545}.Release|iPhoneSimulator.Build.0 = Release|Any CPU
		{54100CBB-5172-49F8-A2DB-6DA2AFDDB73F}.Ad-Hoc|iPhone.ActiveCfg = Debug|Any CPU
		{54100CBB-5172-49F8-A2DB-6DA2AFDDB73F}.Ad-Hoc|iPhone.Build.0 = Debug|Any CPU
		{54100CBB-5172-49F8-A2DB-6DA2AFDDB73F}.AppStore|iPhone.ActiveCfg = Debug|Any CPU
		{54100CBB-5172-49F8-A2DB-6DA2AFDDB73F}.AppStore|iPhone.Build.0 = Debug|Any CPU
		{54100CBB-5172-49F8-A2DB-6DA2AFDDB73F}.Debug|Any CPU.ActiveCfg = Debug|Any CPU
		{54100CBB-5172-49F8-A2DB-6DA2AFDDB73F}.Debug|Any CPU.Build.0 = Debug|Any CPU
		{54100CBB-5172-49F8-A2DB-6DA2AFDDB73F}.Debug|iPhone.ActiveCfg = Debug|Any CPU
		{54100CBB-5172-49F8-A2DB-6DA2AFDDB73F}.Debug|iPhone.Build.0 = Debug|Any CPU
		{54100CBB-5172-49F8-A2DB-6DA2AFDDB73F}.Debug|iPhoneSimulator.ActiveCfg = Debug|Any CPU
		{54100CBB-5172-49F8-A2DB-6DA2AFDDB73F}.Debug|iPhoneSimulator.Build.0 = Debug|Any CPU
		{54100CBB-5172-49F8-A2DB-6DA2AFDDB73F}.Release|Any CPU.ActiveCfg = Release|Any CPU
		{54100CBB-5172-49F8-A2DB-6DA2AFDDB73F}.Release|Any CPU.Build.0 = Release|Any CPU
		{54100CBB-5172-49F8-A2DB-6DA2AFDDB73F}.Release|iPhone.ActiveCfg = Release|Any CPU
		{54100CBB-5172-49F8-A2DB-6DA2AFDDB73F}.Release|iPhone.Build.0 = Release|Any CPU
		{54100CBB-5172-49F8-A2DB-6DA2AFDDB73F}.Release|iPhoneSimulator.ActiveCfg = Release|Any CPU
		{54100CBB-5172-49F8-A2DB-6DA2AFDDB73F}.Release|iPhoneSimulator.Build.0 = Release|Any CPU
		{5736C03A-5385-4596-A33F-6437DF5F2428}.Ad-Hoc|iPhone.ActiveCfg = Release|Any CPU
		{5736C03A-5385-4596-A33F-6437DF5F2428}.Ad-Hoc|iPhone.Build.0 = Release|Any CPU
		{5736C03A-5385-4596-A33F-6437DF5F2428}.AppStore|iPhone.ActiveCfg = Release|Any CPU
		{5736C03A-5385-4596-A33F-6437DF5F2428}.AppStore|iPhone.Build.0 = Release|Any CPU
		{5736C03A-5385-4596-A33F-6437DF5F2428}.Debug|Any CPU.ActiveCfg = Debug|Any CPU
		{5736C03A-5385-4596-A33F-6437DF5F2428}.Debug|Any CPU.Build.0 = Debug|Any CPU
		{5736C03A-5385-4596-A33F-6437DF5F2428}.Debug|iPhone.ActiveCfg = Debug|Any CPU
		{5736C03A-5385-4596-A33F-6437DF5F2428}.Debug|iPhone.Build.0 = Debug|Any CPU
		{5736C03A-5385-4596-A33F-6437DF5F2428}.Debug|iPhoneSimulator.ActiveCfg = Debug|Any CPU
		{5736C03A-5385-4596-A33F-6437DF5F2428}.Debug|iPhoneSimulator.Build.0 = Debug|Any CPU
		{5736C03A-5385-4596-A33F-6437DF5F2428}.Release|Any CPU.ActiveCfg = Release|Any CPU
		{5736C03A-5385-4596-A33F-6437DF5F2428}.Release|Any CPU.Build.0 = Release|Any CPU
		{5736C03A-5385-4596-A33F-6437DF5F2428}.Release|iPhone.ActiveCfg = Release|Any CPU
		{5736C03A-5385-4596-A33F-6437DF5F2428}.Release|iPhone.Build.0 = Release|Any CPU
		{5736C03A-5385-4596-A33F-6437DF5F2428}.Release|iPhoneSimulator.ActiveCfg = Release|Any CPU
		{5736C03A-5385-4596-A33F-6437DF5F2428}.Release|iPhoneSimulator.Build.0 = Release|Any CPU
		{5AC8038B-610C-47C1-9C6B-E104D42E1585}.Ad-Hoc|iPhone.ActiveCfg = Debug|iPhoneSimulator
		{5AC8038B-610C-47C1-9C6B-E104D42E1585}.Ad-Hoc|iPhone.Build.0 = Debug|iPhoneSimulator
		{5AC8038B-610C-47C1-9C6B-E104D42E1585}.AppStore|iPhone.ActiveCfg = Debug|iPhoneSimulator
		{5AC8038B-610C-47C1-9C6B-E104D42E1585}.AppStore|iPhone.Build.0 = Debug|iPhoneSimulator
		{5AC8038B-610C-47C1-9C6B-E104D42E1585}.Debug|Any CPU.ActiveCfg = Debug|iPhoneSimulator
		{5AC8038B-610C-47C1-9C6B-E104D42E1585}.Debug|Any CPU.Build.0 = Debug|iPhoneSimulator
		{5AC8038B-610C-47C1-9C6B-E104D42E1585}.Debug|iPhone.ActiveCfg = Debug|iPhoneSimulator
		{5AC8038B-610C-47C1-9C6B-E104D42E1585}.Debug|iPhone.Build.0 = Debug|iPhoneSimulator
		{5AC8038B-610C-47C1-9C6B-E104D42E1585}.Debug|iPhoneSimulator.ActiveCfg = Debug|iPhoneSimulator
		{5AC8038B-610C-47C1-9C6B-E104D42E1585}.Debug|iPhoneSimulator.Build.0 = Debug|iPhoneSimulator
		{5AC8038B-610C-47C1-9C6B-E104D42E1585}.Release|Any CPU.ActiveCfg = Debug|iPhoneSimulator
		{5AC8038B-610C-47C1-9C6B-E104D42E1585}.Release|Any CPU.Build.0 = Debug|iPhoneSimulator
		{9DA04D62-1A9D-4E99-9B48-5DAFEE1B4B22}.Ad-Hoc|iPhone.ActiveCfg = Release|Any CPU
		{9DA04D62-1A9D-4E99-9B48-5DAFEE1B4B22}.Ad-Hoc|iPhone.Build.0 = Release|Any CPU
		{9DA04D62-1A9D-4E99-9B48-5DAFEE1B4B22}.AppStore|iPhone.ActiveCfg = Release|Any CPU
		{9DA04D62-1A9D-4E99-9B48-5DAFEE1B4B22}.AppStore|iPhone.Build.0 = Release|Any CPU
		{9DA04D62-1A9D-4E99-9B48-5DAFEE1B4B22}.Debug|Any CPU.ActiveCfg = Debug|Any CPU
		{9DA04D62-1A9D-4E99-9B48-5DAFEE1B4B22}.Debug|Any CPU.Build.0 = Debug|Any CPU
		{9DA04D62-1A9D-4E99-9B48-5DAFEE1B4B22}.Debug|iPhone.ActiveCfg = Debug|Any CPU
		{9DA04D62-1A9D-4E99-9B48-5DAFEE1B4B22}.Debug|iPhone.Build.0 = Debug|Any CPU
		{9DA04D62-1A9D-4E99-9B48-5DAFEE1B4B22}.Debug|iPhoneSimulator.ActiveCfg = Debug|Any CPU
		{9DA04D62-1A9D-4E99-9B48-5DAFEE1B4B22}.Debug|iPhoneSimulator.Build.0 = Debug|Any CPU
		{9DA04D62-1A9D-4E99-9B48-5DAFEE1B4B22}.Release|Any CPU.ActiveCfg = Release|Any CPU
		{9DA04D62-1A9D-4E99-9B48-5DAFEE1B4B22}.Release|Any CPU.Build.0 = Release|Any CPU
		{9DA04D62-1A9D-4E99-9B48-5DAFEE1B4B22}.Release|iPhone.ActiveCfg = Release|Any CPU
		{9DA04D62-1A9D-4E99-9B48-5DAFEE1B4B22}.Release|iPhone.Build.0 = Release|Any CPU
		{9DA04D62-1A9D-4E99-9B48-5DAFEE1B4B22}.Release|iPhoneSimulator.ActiveCfg = Release|Any CPU
		{9DA04D62-1A9D-4E99-9B48-5DAFEE1B4B22}.Release|iPhoneSimulator.Build.0 = Release|Any CPU
		{A5399A7D-2E8F-4976-96B4-AC58472D92D4}.Ad-Hoc|iPhone.ActiveCfg = Debug|Any CPU
		{A5399A7D-2E8F-4976-96B4-AC58472D92D4}.Ad-Hoc|iPhone.Build.0 = Debug|Any CPU
		{A5399A7D-2E8F-4976-96B4-AC58472D92D4}.AppStore|iPhone.ActiveCfg = Debug|Any CPU
		{A5399A7D-2E8F-4976-96B4-AC58472D92D4}.AppStore|iPhone.Build.0 = Debug|Any CPU
		{A5399A7D-2E8F-4976-96B4-AC58472D92D4}.Debug|Any CPU.ActiveCfg = Debug|Any CPU
		{A5399A7D-2E8F-4976-96B4-AC58472D92D4}.Debug|Any CPU.Build.0 = Debug|Any CPU
		{A5399A7D-2E8F-4976-96B4-AC58472D92D4}.Debug|iPhone.ActiveCfg = Debug|Any CPU
		{A5399A7D-2E8F-4976-96B4-AC58472D92D4}.Debug|iPhone.Build.0 = Debug|Any CPU
		{A5399A7D-2E8F-4976-96B4-AC58472D92D4}.Debug|iPhoneSimulator.ActiveCfg = Debug|Any CPU
		{A5399A7D-2E8F-4976-96B4-AC58472D92D4}.Debug|iPhoneSimulator.Build.0 = Debug|Any CPU
		{A5399A7D-2E8F-4976-96B4-AC58472D92D4}.Release|Any CPU.ActiveCfg = Release|Any CPU
		{A5399A7D-2E8F-4976-96B4-AC58472D92D4}.Release|Any CPU.Build.0 = Release|Any CPU
		{A5399A7D-2E8F-4976-96B4-AC58472D92D4}.Release|iPhone.ActiveCfg = Release|Any CPU
		{A5399A7D-2E8F-4976-96B4-AC58472D92D4}.Release|iPhone.Build.0 = Release|Any CPU
		{A5399A7D-2E8F-4976-96B4-AC58472D92D4}.Release|iPhoneSimulator.ActiveCfg = Release|Any CPU
		{A5399A7D-2E8F-4976-96B4-AC58472D92D4}.Release|iPhoneSimulator.Build.0 = Release|Any CPU
		{B7896132-F0D8-4D8C-8540-69521C3A8D77}.Ad-Hoc|iPhone.ActiveCfg = Release|Any CPU
		{B7896132-F0D8-4D8C-8540-69521C3A8D77}.Ad-Hoc|iPhone.Build.0 = Release|Any CPU
		{B7896132-F0D8-4D8C-8540-69521C3A8D77}.AppStore|iPhone.ActiveCfg = Release|Any CPU
		{B7896132-F0D8-4D8C-8540-69521C3A8D77}.AppStore|iPhone.Build.0 = Release|Any CPU
		{B7896132-F0D8-4D8C-8540-69521C3A8D77}.Debug|Any CPU.ActiveCfg = Debug|Any CPU
		{B7896132-F0D8-4D8C-8540-69521C3A8D77}.Debug|Any CPU.Build.0 = Debug|Any CPU
		{B7896132-F0D8-4D8C-8540-69521C3A8D77}.Debug|iPhone.ActiveCfg = Debug|Any CPU
		{B7896132-F0D8-4D8C-8540-69521C3A8D77}.Debug|iPhone.Build.0 = Debug|Any CPU
		{B7896132-F0D8-4D8C-8540-69521C3A8D77}.Debug|iPhoneSimulator.ActiveCfg = Debug|Any CPU
		{B7896132-F0D8-4D8C-8540-69521C3A8D77}.Debug|iPhoneSimulator.Build.0 = Debug|Any CPU
		{B7896132-F0D8-4D8C-8540-69521C3A8D77}.Release|Any CPU.ActiveCfg = Release|Any CPU
		{B7896132-F0D8-4D8C-8540-69521C3A8D77}.Release|Any CPU.Build.0 = Release|Any CPU
		{B7896132-F0D8-4D8C-8540-69521C3A8D77}.Release|iPhone.ActiveCfg = Release|Any CPU
		{B7896132-F0D8-4D8C-8540-69521C3A8D77}.Release|iPhone.Build.0 = Release|Any CPU
		{B7896132-F0D8-4D8C-8540-69521C3A8D77}.Release|iPhoneSimulator.ActiveCfg = Release|Any CPU
		{B7896132-F0D8-4D8C-8540-69521C3A8D77}.Release|iPhoneSimulator.Build.0 = Release|Any CPU
		{EC178D31-250A-4528-9D64-43567BFCD3D6}.Ad-Hoc|iPhone.ActiveCfg = Debug|Any CPU
		{EC178D31-250A-4528-9D64-43567BFCD3D6}.Ad-Hoc|iPhone.Build.0 = Debug|Any CPU
		{EC178D31-250A-4528-9D64-43567BFCD3D6}.AppStore|iPhone.ActiveCfg = Debug|Any CPU
		{EC178D31-250A-4528-9D64-43567BFCD3D6}.AppStore|iPhone.Build.0 = Debug|Any CPU
		{EC178D31-250A-4528-9D64-43567BFCD3D6}.Debug|Any CPU.ActiveCfg = Debug|Any CPU
		{EC178D31-250A-4528-9D64-43567BFCD3D6}.Debug|Any CPU.Build.0 = Debug|Any CPU
		{EC178D31-250A-4528-9D64-43567BFCD3D6}.Debug|iPhone.ActiveCfg = Debug|Any CPU
		{EC178D31-250A-4528-9D64-43567BFCD3D6}.Debug|iPhone.Build.0 = Debug|Any CPU
		{EC178D31-250A-4528-9D64-43567BFCD3D6}.Debug|iPhoneSimulator.ActiveCfg = Debug|Any CPU
		{EC178D31-250A-4528-9D64-43567BFCD3D6}.Debug|iPhoneSimulator.Build.0 = Debug|Any CPU
		{EC178D31-250A-4528-9D64-43567BFCD3D6}.Release|Any CPU.ActiveCfg = Release|Any CPU
		{EC178D31-250A-4528-9D64-43567BFCD3D6}.Release|Any CPU.Build.0 = Release|Any CPU
		{EC178D31-250A-4528-9D64-43567BFCD3D6}.Release|iPhone.ActiveCfg = Release|Any CPU
		{EC178D31-250A-4528-9D64-43567BFCD3D6}.Release|iPhone.Build.0 = Release|Any CPU
		{EC178D31-250A-4528-9D64-43567BFCD3D6}.Release|iPhoneSimulator.ActiveCfg = Release|Any CPU
		{EC178D31-250A-4528-9D64-43567BFCD3D6}.Release|iPhoneSimulator.Build.0 = Release|Any CPU
		{F4F1B001-3322-47D7-BC34-0A38EE8A4C4A}.Ad-Hoc|iPhone.ActiveCfg = Release|Any CPU
		{F4F1B001-3322-47D7-BC34-0A38EE8A4C4A}.Ad-Hoc|iPhone.Build.0 = Release|Any CPU
		{F4F1B001-3322-47D7-BC34-0A38EE8A4C4A}.AppStore|iPhone.ActiveCfg = Release|Any CPU
		{F4F1B001-3322-47D7-BC34-0A38EE8A4C4A}.AppStore|iPhone.Build.0 = Release|Any CPU
		{F4F1B001-3322-47D7-BC34-0A38EE8A4C4A}.Debug|Any CPU.ActiveCfg = Debug|Any CPU
		{F4F1B001-3322-47D7-BC34-0A38EE8A4C4A}.Debug|Any CPU.Build.0 = Debug|Any CPU
		{F4F1B001-3322-47D7-BC34-0A38EE8A4C4A}.Debug|iPhone.ActiveCfg = Debug|Any CPU
		{F4F1B001-3322-47D7-BC34-0A38EE8A4C4A}.Debug|iPhone.Build.0 = Debug|Any CPU
		{F4F1B001-3322-47D7-BC34-0A38EE8A4C4A}.Debug|iPhoneSimulator.ActiveCfg = Debug|Any CPU
		{F4F1B001-3322-47D7-BC34-0A38EE8A4C4A}.Debug|iPhoneSimulator.Build.0 = Debug|Any CPU
		{F4F1B001-3322-47D7-BC34-0A38EE8A4C4A}.Release|Any CPU.ActiveCfg = Release|Any CPU
		{F4F1B001-3322-47D7-BC34-0A38EE8A4C4A}.Release|Any CPU.Build.0 = Release|Any CPU
		{F4F1B001-3322-47D7-BC34-0A38EE8A4C4A}.Release|iPhone.ActiveCfg = Release|Any CPU
		{F4F1B001-3322-47D7-BC34-0A38EE8A4C4A}.Release|iPhone.Build.0 = Release|Any CPU
		{F4F1B001-3322-47D7-BC34-0A38EE8A4C4A}.Release|iPhoneSimulator.ActiveCfg = Release|Any CPU
		{F4F1B001-3322-47D7-BC34-0A38EE8A4C4A}.Release|iPhoneSimulator.Build.0 = Release|Any CPU
	EndGlobalSection
	GlobalSection(MonoDevelopProperties) = preSolution
		StartupItem = demo.XF.iOS\demo.XF.iOS.csproj
	EndGlobalSection
EndGlobal
