
Microsoft Visual Studio Solution File, Format Version 12.00
# Visual Studio 2012
Project("{FAE04EC0-301F-11D3-BF4B-00C04F79EFBC}") = "DataGrid.Core", "DataGrid.Core\DataGrid.Core.csproj", "{5736C03A-5385-4596-A33F-6437DF5F2428}"
EndProject
Project("{FAE04EC0-301F-11D3-BF4B-00C04F79EFBC}") = "DataGrid.RxUI", "DataGrid.RxUI\DataGrid.RxUI.csproj", "{F4F1B001-3322-47D7-BC34-0A38EE8A4C4A}"
EndProject
Global
	GlobalSection(SolutionConfigurationPlatforms) = preSolution
		Debug|Any CPU = Debug|Any CPU
		Release|Any CPU = Release|Any CPU
	EndGlobalSection
	GlobalSection(ProjectConfigurationPlatforms) = postSolution
		{5736C03A-5385-4596-A33F-6437DF5F2428}.Debug|Any CPU.ActiveCfg = Debug|Any CPU
		{5736C03A-5385-4596-A33F-6437DF5F2428}.Debug|Any CPU.Build.0 = Debug|Any CPU
		{5736C03A-5385-4596-A33F-6437DF5F2428}.Release|Any CPU.ActiveCfg = Release|Any CPU
		{5736C03A-5385-4596-A33F-6437DF5F2428}.Release|Any CPU.Build.0 = Release|Any CPU
		{F4F1B001-3322-47D7-BC34-0A38EE8A4C4A}.Debug|Any CPU.ActiveCfg = Debug|Any CPU
		{F4F1B001-3322-47D7-BC34-0A38EE8A4C4A}.Debug|Any CPU.Build.0 = Debug|Any CPU
		{F4F1B001-3322-47D7-BC34-0A38EE8A4C4A}.Release|Any CPU.ActiveCfg = Release|Any CPU
		{F4F1B001-3322-47D7-BC34-0A38EE8A4C4A}.Release|Any CPU.Build.0 = Release|Any CPU
	EndGlobalSection
	GlobalSection(MonoDevelopProperties) = preSolution
		StartupItem = DataGrid.Core\DataGrid.Core.csproj
	EndGlobalSection
EndGlobal
